{
  "originHash" : "d7c936429ffca3a45aaa21de2c590f7d8a8a64b4b4901321526f70907ccab756",
  "pins" : [
    {
      "identity" : "keychain-swift",
      "kind" : "remoteSourceControl",
      "location" : "https://github.com/evgenyneu/keychain-swift.git",
      "state" : {
        "revision" : "5e1b02b6a9dac2a759a1d5dbc175c86bd192a608",
        "version" : "24.0.0"
      }
    },
    {
      "identity" : "networkpackage",
      "kind" : "remoteSourceControl",
      "location" : "https://github.com/sandromaraneli/NetworkPackage.git",
      "state" : {
        "branch" : "main",
        "revision" : "28a08906f8c5e54301680a367e68085eb9d75020"
      }
    }
  ],
  "version" : 3
}
