{
  "originHash" : "c2d1fde4bb52412dbd68630bec1b7f59132a9f02b061e9f9fcb3c2104a5db9fd",
  "pins" : [
    {
      "identity" : "keychain-swift",
      "kind" : "remoteSourceControl",
      "location" : "https://github.com/evgenyneu/keychain-swift.git",
      "state" : {
        "revision" : "5e1b02b6a9dac2a759a1d5dbc175c86bd192a608",
        "version" : "24.0.0"
      }
    },
    {
      "identity" : "networkpackage",
      "kind" : "remoteSourceControl",
      "location" : "https://github.com/sandromaraneli/NetworkPackage.git",
      "state" : {
        "branch" : "main",
        "revision" : "805f6cea3b97b2abd545dedb01de89c72d111af5"
      }
    }
  ],
  "version" : 3
}
